// !$*UTF8*$!
{
	archiveVersion = 1;
	classes = {
	};
	objectVersion = 46;
	objects = {

/* Begin PBXBuildFile section */
		DE356E9E1FBFA43C00932C5E /* CheckUpHeader.jpeg in Resources */ = {isa = PBXBuildFile; fileRef = DE356E9D1FBFA43C00932C5E /* CheckUpHeader.jpeg */; };
		DE356EA01FC1F84E00932C5E /* CheckUpProfileIcon.png in Resources */ = {isa = PBXBuildFile; fileRef = DE356E9F1FC1F84E00932C5E /* CheckUpProfileIcon.png */; };
		DE356EA21FC1F92D00932C5E /* CheckUpProfilePhoto.png in Resources */ = {isa = PBXBuildFile; fileRef = DE356EA11FC1F92D00932C5E /* CheckUpProfilePhoto.png */; };
		DE356EA51FC2019D00932C5E /* RedeemFirstStepViewController.m in Sources */ = {isa = PBXBuildFile; fileRef = DE356EA41FC2019D00932C5E /* RedeemFirstStepViewController.m */; };
		DE356EA81FC2707700932C5E /* LessonCategoryView.m in Sources */ = {isa = PBXBuildFile; fileRef = DE356EA71FC2707700932C5E /* LessonCategoryView.m */; };
		DE356EAA1FC2708D00932C5E /* LessonCategoryView.xib in Resources */ = {isa = PBXBuildFile; fileRef = DE356EA91FC2708D00932C5E /* LessonCategoryView.xib */; };
		DE356EAC1FC2733200932C5E /* CheckUpBerry.png in Resources */ = {isa = PBXBuildFile; fileRef = DE356EAB1FC2733200932C5E /* CheckUpBerry.png */; };
		DE356EB01FC2824A00932C5E /* LessonPageViewController.m in Sources */ = {isa = PBXBuildFile; fileRef = DE356EAE1FC2824A00932C5E /* LessonPageViewController.m */; };
		DE356EB11FC2824A00932C5E /* LessonPageViewController.xib in Resources */ = {isa = PBXBuildFile; fileRef = DE356EAF1FC2824A00932C5E /* LessonPageViewController.xib */; };
		DE356EB61FC282B500932C5E /* Jar1.png in Resources */ = {isa = PBXBuildFile; fileRef = DE356EB21FC282B500932C5E /* Jar1.png */; };
		DE356EB71FC282B500932C5E /* Jar2.png in Resources */ = {isa = PBXBuildFile; fileRef = DE356EB31FC282B500932C5E /* Jar2.png */; };
		DE356EB81FC282B500932C5E /* Jar3.png in Resources */ = {isa = PBXBuildFile; fileRef = DE356EB41FC282B500932C5E /* Jar3.png */; };
		DE356EB91FC282B500932C5E /* Jar4.png in Resources */ = {isa = PBXBuildFile; fileRef = DE356EB51FC282B500932C5E /* Jar4.png */; };
		DE356EBC1FC282EF00932C5E /* LabeledJarView.m in Sources */ = {isa = PBXBuildFile; fileRef = DE356EBB1FC282EF00932C5E /* LabeledJarView.m */; };
		DE356EBE1FC2830000932C5E /* LabeledJarView.xib in Resources */ = {isa = PBXBuildFile; fileRef = DE356EBD1FC2830000932C5E /* LabeledJarView.xib */; };
		DE356EC21FC290B800932C5E /* SelectLessonViewController.m in Sources */ = {isa = PBXBuildFile; fileRef = DE356EC01FC290B800932C5E /* SelectLessonViewController.m */; };
		DE356EC31FC290B800932C5E /* SelectLessonViewController.xib in Resources */ = {isa = PBXBuildFile; fileRef = DE356EC11FC290B800932C5E /* SelectLessonViewController.xib */; };
		DE356EC71FC361A300932C5E /* LessonViewController.m in Sources */ = {isa = PBXBuildFile; fileRef = DE356EC51FC361A300932C5E /* LessonViewController.m */; };
		DE356EC81FC361A300932C5E /* LessonViewController.xib in Resources */ = {isa = PBXBuildFile; fileRef = DE356EC61FC361A300932C5E /* LessonViewController.xib */; };
		DE356ECA1FC3D42E00932C5E /* LessonStoryboard.storyboard in Resources */ = {isa = PBXBuildFile; fileRef = DE356EC91FC3D42E00932C5E /* LessonStoryboard.storyboard */; };
		DE356ECD1FC3DA6300932C5E /* LessonController.m in Sources */ = {isa = PBXBuildFile; fileRef = DE356ECC1FC3DA6300932C5E /* LessonController.m */; };
		DE356ED01FC3E3F700932C5E /* LessonPgViewController.m in Sources */ = {isa = PBXBuildFile; fileRef = DE356ECF1FC3E3F700932C5E /* LessonPgViewController.m */; };
		DE356ED21FC3F49900932C5E /* SmallButton.png in Resources */ = {isa = PBXBuildFile; fileRef = DE356ED11FC3F49900932C5E /* SmallButton.png */; };
		DE356ED41FC47AA900932C5E /* SampleLesson.png in Resources */ = {isa = PBXBuildFile; fileRef = DE356ED31FC47AA900932C5E /* SampleLesson.png */; };
		DE356EDD1FC4924100932C5E /* QuizPageViewController.m in Sources */ = {isa = PBXBuildFile; fileRef = DE356EDB1FC4924100932C5E /* QuizPageViewController.m */; };
		DE356EDE1FC4924100932C5E /* QuizPageViewController.xib in Resources */ = {isa = PBXBuildFile; fileRef = DE356EDC1FC4924100932C5E /* QuizPageViewController.xib */; };
		DE356EE31FC49EE100932C5E /* QuizJarD.png in Resources */ = {isa = PBXBuildFile; fileRef = DE356EDF1FC49EE100932C5E /* QuizJarD.png */; };
		DE356EE41FC49EE100932C5E /* QuizJarC.png in Resources */ = {isa = PBXBuildFile; fileRef = DE356EE01FC49EE100932C5E /* QuizJarC.png */; };
		DE356EE51FC49EE100932C5E /* QuizJarB.png in Resources */ = {isa = PBXBuildFile; fileRef = DE356EE11FC49EE100932C5E /* QuizJarB.png */; };
		DE356EE61FC49EE100932C5E /* QuizJarA.png in Resources */ = {isa = PBXBuildFile; fileRef = DE356EE21FC49EE100932C5E /* QuizJarA.png */; };
		DE356EE91FC4A07D00932C5E /* IncompleteBerry.png in Resources */ = {isa = PBXBuildFile; fileRef = DE356EE71FC4A07D00932C5E /* IncompleteBerry.png */; };
		DE356EEA1FC4A07D00932C5E /* CompleteBerry.png in Resources */ = {isa = PBXBuildFile; fileRef = DE356EE81FC4A07D00932C5E /* CompleteBerry.png */; };
		DE356EED1FC4A11200932C5E /* LongIncompleteBerry.png in Resources */ = {isa = PBXBuildFile; fileRef = DE356EEB1FC4A11200932C5E /* LongIncompleteBerry.png */; };
		DE356EEE1FC4A11200932C5E /* LongCompleteBerry.png in Resources */ = {isa = PBXBuildFile; fileRef = DE356EEC1FC4A11200932C5E /* LongCompleteBerry.png */; };
		DE356EF21FC4A2D300932C5E /* LessonMessageBG.png in Resources */ = {isa = PBXBuildFile; fileRef = DE356EEF1FC4A2D300932C5E /* LessonMessageBG.png */; };
		DE356EF31FC4A2D300932C5E /* ProfileMessageBG.png in Resources */ = {isa = PBXBuildFile; fileRef = DE356EF01FC4A2D300932C5E /* ProfileMessageBG.png */; };
		DE356EF41FC4A2D300932C5E /* QuizMessageBG.png in Resources */ = {isa = PBXBuildFile; fileRef = DE356EF11FC4A2D300932C5E /* QuizMessageBG.png */; };
		DE356EF91FC4A2DC00932C5E /* ProfileIcon.png in Resources */ = {isa = PBXBuildFile; fileRef = DE356EF51FC4A2DC00932C5E /* ProfileIcon.png */; };
		DE356EFA1FC4A2DC00932C5E /* NotificationsIcon.png in Resources */ = {isa = PBXBuildFile; fileRef = DE356EF61FC4A2DC00932C5E /* NotificationsIcon.png */; };
		DE356EFB1FC4A2DC00932C5E /* LearnIcon.png in Resources */ = {isa = PBXBuildFile; fileRef = DE356EF71FC4A2DC00932C5E /* LearnIcon.png */; };
		DE356EFC1FC4A2DC00932C5E /* QuizIcon.png in Resources */ = {isa = PBXBuildFile; fileRef = DE356EF81FC4A2DC00932C5E /* QuizIcon.png */; };
		DE356EFE1FC4AFD100932C5E /* ProgressPlaceholder.png in Resources */ = {isa = PBXBuildFile; fileRef = DE356EFD1FC4AFD100932C5E /* ProgressPlaceholder.png */; };
		DE356F011FC4B05800932C5E /* ProgressViewController.m in Sources */ = {isa = PBXBuildFile; fileRef = DE356F001FC4B05800932C5E /* ProgressViewController.m */; };
		DEF85E071FB51FD700EA2FB2 /* main.m in Sources */ = {isa = PBXBuildFile; fileRef = DEF85E061FB51FD700EA2FB2 /* main.m */; };
		DEF85E0A1FB51FD700EA2FB2 /* AppDelegate.m in Sources */ = {isa = PBXBuildFile; fileRef = DEF85E091FB51FD700EA2FB2 /* AppDelegate.m */; };
		DEF85E0D1FB51FD700EA2FB2 /* MessagesHomeViewController.m in Sources */ = {isa = PBXBuildFile; fileRef = DEF85E0C1FB51FD700EA2FB2 /* MessagesHomeViewController.m */; };
		DEF85E101FB51FD700EA2FB2 /* LessonsHomeViewController.m in Sources */ = {isa = PBXBuildFile; fileRef = DEF85E0F1FB51FD700EA2FB2 /* LessonsHomeViewController.m */; };
		DEF85E131FB51FD700EA2FB2 /* Main.storyboard in Resources */ = {isa = PBXBuildFile; fileRef = DEF85E111FB51FD700EA2FB2 /* Main.storyboard */; };
		DEF85E151FB51FD700EA2FB2 /* Assets.xcassets in Resources */ = {isa = PBXBuildFile; fileRef = DEF85E141FB51FD700EA2FB2 /* Assets.xcassets */; };
		DEF85E181FB51FD700EA2FB2 /* LaunchScreen.storyboard in Resources */ = {isa = PBXBuildFile; fileRef = DEF85E161FB51FD700EA2FB2 /* LaunchScreen.storyboard */; };
		DEF85E231FB51FD700EA2FB2 /* CheckUpTests.m in Sources */ = {isa = PBXBuildFile; fileRef = DEF85E221FB51FD700EA2FB2 /* CheckUpTests.m */; };
		DEF85E2E1FB51FD700EA2FB2 /* CheckUpUITests.m in Sources */ = {isa = PBXBuildFile; fileRef = DEF85E2D1FB51FD700EA2FB2 /* CheckUpUITests.m */; };
		DEF85E431FB521E700EA2FB2 /* QuizzesHomeViewController.m in Sources */ = {isa = PBXBuildFile; fileRef = DEF85E411FB521E600EA2FB2 /* QuizzesHomeViewController.m */; };
		DEF85E481FB521FC00EA2FB2 /* ProfileHomeViewController.m in Sources */ = {isa = PBXBuildFile; fileRef = DEF85E461FB521FC00EA2FB2 /* ProfileHomeViewController.m */; };
		DEF85E501FB5331500EA2FB2 /* HeaderView.xib in Resources */ = {isa = PBXBuildFile; fileRef = DEF85E4F1FB5331500EA2FB2 /* HeaderView.xib */; };
		DEF85E531FB534D000EA2FB2 /* HeaderView.m in Sources */ = {isa = PBXBuildFile; fileRef = DEF85E521FB534D000EA2FB2 /* HeaderView.m */; };
/* End PBXBuildFile section */

/* Begin PBXContainerItemProxy section */
		DEF85E1F1FB51FD700EA2FB2 /* PBXContainerItemProxy */ = {
			isa = PBXContainerItemProxy;
			containerPortal = DEF85DFA1FB51FD600EA2FB2 /* Project object */;
			proxyType = 1;
			remoteGlobalIDString = DEF85E011FB51FD600EA2FB2;
			remoteInfo = CheckUp;
		};
		DEF85E2A1FB51FD700EA2FB2 /* PBXContainerItemProxy */ = {
			isa = PBXContainerItemProxy;
			containerPortal = DEF85DFA1FB51FD600EA2FB2 /* Project object */;
			proxyType = 1;
			remoteGlobalIDString = DEF85E011FB51FD600EA2FB2;
			remoteInfo = CheckUp;
		};
/* End PBXContainerItemProxy section */

/* Begin PBXFileReference section */
		DE356E9D1FBFA43C00932C5E /* CheckUpHeader.jpeg */ = {isa = PBXFileReference; lastKnownFileType = image.jpeg; name = CheckUpHeader.jpeg; path = ../../CheckUpHeader.jpeg; sourceTree = "<group>"; };
		DE356E9F1FC1F84E00932C5E /* CheckUpProfileIcon.png */ = {isa = PBXFileReference; lastKnownFileType = image.png; name = CheckUpProfileIcon.png; path = ../../CheckUpProfileIcon.png; sourceTree = "<group>"; };
		DE356EA11FC1F92D00932C5E /* CheckUpProfilePhoto.png */ = {isa = PBXFileReference; lastKnownFileType = image.png; name = CheckUpProfilePhoto.png; path = ../../CheckUpProfilePhoto.png; sourceTree = "<group>"; };
		DE356EA31FC2019D00932C5E /* RedeemFirstStepViewController.h */ = {isa = PBXFileReference; fileEncoding = 4; lastKnownFileType = sourcecode.c.h; path = RedeemFirstStepViewController.h; sourceTree = "<group>"; };
		DE356EA41FC2019D00932C5E /* RedeemFirstStepViewController.m */ = {isa = PBXFileReference; fileEncoding = 4; lastKnownFileType = sourcecode.c.objc; path = RedeemFirstStepViewController.m; sourceTree = "<group>"; };
		DE356EA61FC2707700932C5E /* LessonCategoryView.h */ = {isa = PBXFileReference; fileEncoding = 4; lastKnownFileType = sourcecode.c.h; path = LessonCategoryView.h; sourceTree = "<group>"; };
		DE356EA71FC2707700932C5E /* LessonCategoryView.m */ = {isa = PBXFileReference; fileEncoding = 4; lastKnownFileType = sourcecode.c.objc; path = LessonCategoryView.m; sourceTree = "<group>"; };
		DE356EA91FC2708D00932C5E /* LessonCategoryView.xib */ = {isa = PBXFileReference; fileEncoding = 4; lastKnownFileType = file.xib; path = LessonCategoryView.xib; sourceTree = "<group>"; };
		DE356EAB1FC2733200932C5E /* CheckUpBerry.png */ = {isa = PBXFileReference; lastKnownFileType = image.png; name = CheckUpBerry.png; path = ../../CheckUpBerry.png; sourceTree = "<group>"; };
		DE356EAD1FC2824A00932C5E /* LessonPageViewController.h */ = {isa = PBXFileReference; fileEncoding = 4; lastKnownFileType = sourcecode.c.h; path = LessonPageViewController.h; sourceTree = "<group>"; };
		DE356EAE1FC2824A00932C5E /* LessonPageViewController.m */ = {isa = PBXFileReference; fileEncoding = 4; lastKnownFileType = sourcecode.c.objc; path = LessonPageViewController.m; sourceTree = "<group>"; };
		DE356EAF1FC2824A00932C5E /* LessonPageViewController.xib */ = {isa = PBXFileReference; fileEncoding = 4; lastKnownFileType = file.xib; path = LessonPageViewController.xib; sourceTree = "<group>"; };
		DE356EB21FC282B500932C5E /* Jar1.png */ = {isa = PBXFileReference; lastKnownFileType = image.png; name = Jar1.png; path = ../../Jar1.png; sourceTree = "<group>"; };
		DE356EB31FC282B500932C5E /* Jar2.png */ = {isa = PBXFileReference; lastKnownFileType = image.png; name = Jar2.png; path = ../../Jar2.png; sourceTree = "<group>"; };
		DE356EB41FC282B500932C5E /* Jar3.png */ = {isa = PBXFileReference; lastKnownFileType = image.png; name = Jar3.png; path = ../../Jar3.png; sourceTree = "<group>"; };
		DE356EB51FC282B500932C5E /* Jar4.png */ = {isa = PBXFileReference; lastKnownFileType = image.png; name = Jar4.png; path = ../../Jar4.png; sourceTree = "<group>"; };
		DE356EBA1FC282EF00932C5E /* LabeledJarView.h */ = {isa = PBXFileReference; fileEncoding = 4; lastKnownFileType = sourcecode.c.h; path = LabeledJarView.h; sourceTree = "<group>"; };
		DE356EBB1FC282EF00932C5E /* LabeledJarView.m */ = {isa = PBXFileReference; fileEncoding = 4; lastKnownFileType = sourcecode.c.objc; path = LabeledJarView.m; sourceTree = "<group>"; };
		DE356EBD1FC2830000932C5E /* LabeledJarView.xib */ = {isa = PBXFileReference; fileEncoding = 4; lastKnownFileType = file.xib; path = LabeledJarView.xib; sourceTree = "<group>"; };
		DE356EBF1FC290B800932C5E /* SelectLessonViewController.h */ = {isa = PBXFileReference; fileEncoding = 4; lastKnownFileType = sourcecode.c.h; path = SelectLessonViewController.h; sourceTree = "<group>"; };
		DE356EC01FC290B800932C5E /* SelectLessonViewController.m */ = {isa = PBXFileReference; fileEncoding = 4; lastKnownFileType = sourcecode.c.objc; path = SelectLessonViewController.m; sourceTree = "<group>"; };
		DE356EC11FC290B800932C5E /* SelectLessonViewController.xib */ = {isa = PBXFileReference; fileEncoding = 4; lastKnownFileType = file.xib; path = SelectLessonViewController.xib; sourceTree = "<group>"; };
		DE356EC41FC361A300932C5E /* LessonViewController.h */ = {isa = PBXFileReference; fileEncoding = 4; lastKnownFileType = sourcecode.c.h; path = LessonViewController.h; sourceTree = "<group>"; };
		DE356EC51FC361A300932C5E /* LessonViewController.m */ = {isa = PBXFileReference; fileEncoding = 4; lastKnownFileType = sourcecode.c.objc; path = LessonViewController.m; sourceTree = "<group>"; };
		DE356EC61FC361A300932C5E /* LessonViewController.xib */ = {isa = PBXFileReference; fileEncoding = 4; lastKnownFileType = file.xib; path = LessonViewController.xib; sourceTree = "<group>"; };
		DE356EC91FC3D42E00932C5E /* LessonStoryboard.storyboard */ = {isa = PBXFileReference; fileEncoding = 4; lastKnownFileType = file.storyboard; path = LessonStoryboard.storyboard; sourceTree = "<group>"; };
		DE356ECB1FC3DA6300932C5E /* LessonController.h */ = {isa = PBXFileReference; fileEncoding = 4; lastKnownFileType = sourcecode.c.h; path = LessonController.h; sourceTree = "<group>"; };
		DE356ECC1FC3DA6300932C5E /* LessonController.m */ = {isa = PBXFileReference; fileEncoding = 4; lastKnownFileType = sourcecode.c.objc; path = LessonController.m; sourceTree = "<group>"; };
		DE356ECE1FC3E3F700932C5E /* LessonPgViewController.h */ = {isa = PBXFileReference; fileEncoding = 4; lastKnownFileType = sourcecode.c.h; path = LessonPgViewController.h; sourceTree = "<group>"; };
		DE356ECF1FC3E3F700932C5E /* LessonPgViewController.m */ = {isa = PBXFileReference; fileEncoding = 4; lastKnownFileType = sourcecode.c.objc; path = LessonPgViewController.m; sourceTree = "<group>"; };
		DE356ED11FC3F49900932C5E /* SmallButton.png */ = {isa = PBXFileReference; lastKnownFileType = image.png; name = SmallButton.png; path = ../../../Downloads/SmallButton.png; sourceTree = "<group>"; };
		DE356ED31FC47AA900932C5E /* SampleLesson.png */ = {isa = PBXFileReference; lastKnownFileType = image.png; name = SampleLesson.png; path = ../../SampleLesson.png; sourceTree = "<group>"; };
		DE356EDA1FC4924100932C5E /* QuizPageViewController.h */ = {isa = PBXFileReference; fileEncoding = 4; lastKnownFileType = sourcecode.c.h; path = QuizPageViewController.h; sourceTree = "<group>"; };
		DE356EDB1FC4924100932C5E /* QuizPageViewController.m */ = {isa = PBXFileReference; fileEncoding = 4; lastKnownFileType = sourcecode.c.objc; path = QuizPageViewController.m; sourceTree = "<group>"; };
		DE356EDC1FC4924100932C5E /* QuizPageViewController.xib */ = {isa = PBXFileReference; fileEncoding = 4; lastKnownFileType = file.xib; path = QuizPageViewController.xib; sourceTree = "<group>"; };
		DE356EDF1FC49EE100932C5E /* QuizJarD.png */ = {isa = PBXFileReference; lastKnownFileType = image.png; name = QuizJarD.png; path = ../../QuizJarD.png; sourceTree = "<group>"; };
		DE356EE01FC49EE100932C5E /* QuizJarC.png */ = {isa = PBXFileReference; lastKnownFileType = image.png; name = QuizJarC.png; path = ../../QuizJarC.png; sourceTree = "<group>"; };
		DE356EE11FC49EE100932C5E /* QuizJarB.png */ = {isa = PBXFileReference; lastKnownFileType = image.png; name = QuizJarB.png; path = ../../QuizJarB.png; sourceTree = "<group>"; };
		DE356EE21FC49EE100932C5E /* QuizJarA.png */ = {isa = PBXFileReference; lastKnownFileType = image.png; name = QuizJarA.png; path = ../../QuizJarA.png; sourceTree = "<group>"; };
		DE356EE71FC4A07D00932C5E /* IncompleteBerry.png */ = {isa = PBXFileReference; lastKnownFileType = image.png; name = IncompleteBerry.png; path = ../../IncompleteBerry.png; sourceTree = "<group>"; };
		DE356EE81FC4A07D00932C5E /* CompleteBerry.png */ = {isa = PBXFileReference; lastKnownFileType = image.png; name = CompleteBerry.png; path = ../../CompleteBerry.png; sourceTree = "<group>"; };
		DE356EEB1FC4A11200932C5E /* LongIncompleteBerry.png */ = {isa = PBXFileReference; lastKnownFileType = image.png; name = LongIncompleteBerry.png; path = ../../LongIncompleteBerry.png; sourceTree = "<group>"; };
		DE356EEC1FC4A11200932C5E /* LongCompleteBerry.png */ = {isa = PBXFileReference; lastKnownFileType = image.png; name = LongCompleteBerry.png; path = ../../LongCompleteBerry.png; sourceTree = "<group>"; };
		DE356EEF1FC4A2D300932C5E /* LessonMessageBG.png */ = {isa = PBXFileReference; lastKnownFileType = image.png; name = LessonMessageBG.png; path = "../../../Downloads/drive-download-20171121T180432Z-001/LessonMessageBG.png"; sourceTree = "<group>"; };
		DE356EF01FC4A2D300932C5E /* ProfileMessageBG.png */ = {isa = PBXFileReference; lastKnownFileType = image.png; name = ProfileMessageBG.png; path = "../../../Downloads/drive-download-20171121T180432Z-001/ProfileMessageBG.png"; sourceTree = "<group>"; };
		DE356EF11FC4A2D300932C5E /* QuizMessageBG.png */ = {isa = PBXFileReference; lastKnownFileType = image.png; name = QuizMessageBG.png; path = "../../../Downloads/drive-download-20171121T180432Z-001/QuizMessageBG.png"; sourceTree = "<group>"; };
		DE356EF51FC4A2DC00932C5E /* ProfileIcon.png */ = {isa = PBXFileReference; lastKnownFileType = image.png; name = ProfileIcon.png; path = "../../../Downloads/drive-download-20171121T180432Z-001/ProfileIcon.png"; sourceTree = "<group>"; };
		DE356EF61FC4A2DC00932C5E /* NotificationsIcon.png */ = {isa = PBXFileReference; lastKnownFileType = image.png; name = NotificationsIcon.png; path = "../../../Downloads/drive-download-20171121T180432Z-001/NotificationsIcon.png"; sourceTree = "<group>"; };
		DE356EF71FC4A2DC00932C5E /* LearnIcon.png */ = {isa = PBXFileReference; lastKnownFileType = image.png; name = LearnIcon.png; path = "../../../Downloads/drive-download-20171121T180432Z-001/LearnIcon.png"; sourceTree = "<group>"; };
		DE356EF81FC4A2DC00932C5E /* QuizIcon.png */ = {isa = PBXFileReference; lastKnownFileType = image.png; name = QuizIcon.png; path = "../../../Downloads/drive-download-20171121T180432Z-001/QuizIcon.png"; sourceTree = "<group>"; };
		DE356EFD1FC4AFD100932C5E /* ProgressPlaceholder.png */ = {isa = PBXFileReference; lastKnownFileType = image.png; name = ProgressPlaceholder.png; path = ../../ProgressPlaceholder.png; sourceTree = "<group>"; };
		DE356EFF1FC4B05800932C5E /* ProgressViewController.h */ = {isa = PBXFileReference; fileEncoding = 4; lastKnownFileType = sourcecode.c.h; path = ProgressViewController.h; sourceTree = "<group>"; };
		DE356F001FC4B05800932C5E /* ProgressViewController.m */ = {isa = PBXFileReference; fileEncoding = 4; lastKnownFileType = sourcecode.c.objc; path = ProgressViewController.m; sourceTree = "<group>"; };
		DEF85E021FB51FD700EA2FB2 /* CheckUp.app */ = {isa = PBXFileReference; explicitFileType = wrapper.application; includeInIndex = 0; path = CheckUp.app; sourceTree = BUILT_PRODUCTS_DIR; };
		DEF85E061FB51FD700EA2FB2 /* main.m */ = {isa = PBXFileReference; lastKnownFileType = sourcecode.c.objc; path = main.m; sourceTree = "<group>"; };
		DEF85E081FB51FD700EA2FB2 /* AppDelegate.h */ = {isa = PBXFileReference; lastKnownFileType = sourcecode.c.h; path = AppDelegate.h; sourceTree = "<group>"; };
		DEF85E091FB51FD700EA2FB2 /* AppDelegate.m */ = {isa = PBXFileReference; lastKnownFileType = sourcecode.c.objc; path = AppDelegate.m; sourceTree = "<group>"; };
		DEF85E0B1FB51FD700EA2FB2 /* MessagesHomeViewController.h */ = {isa = PBXFileReference; lastKnownFileType = sourcecode.c.h; path = MessagesHomeViewController.h; sourceTree = "<group>"; };
		DEF85E0C1FB51FD700EA2FB2 /* MessagesHomeViewController.m */ = {isa = PBXFileReference; lastKnownFileType = sourcecode.c.objc; path = MessagesHomeViewController.m; sourceTree = "<group>"; };
		DEF85E0E1FB51FD700EA2FB2 /* LessonsHomeViewController.h */ = {isa = PBXFileReference; lastKnownFileType = sourcecode.c.h; path = LessonsHomeViewController.h; sourceTree = "<group>"; };
		DEF85E0F1FB51FD700EA2FB2 /* LessonsHomeViewController.m */ = {isa = PBXFileReference; lastKnownFileType = sourcecode.c.objc; path = LessonsHomeViewController.m; sourceTree = "<group>"; };
		DEF85E121FB51FD700EA2FB2 /* Base */ = {isa = PBXFileReference; lastKnownFileType = file.storyboard; name = Base; path = Base.lproj/Main.storyboard; sourceTree = "<group>"; };
		DEF85E141FB51FD700EA2FB2 /* Assets.xcassets */ = {isa = PBXFileReference; lastKnownFileType = folder.assetcatalog; path = Assets.xcassets; sourceTree = "<group>"; };
		DEF85E171FB51FD700EA2FB2 /* Base */ = {isa = PBXFileReference; lastKnownFileType = file.storyboard; name = Base; path = Base.lproj/LaunchScreen.storyboard; sourceTree = "<group>"; };
		DEF85E191FB51FD700EA2FB2 /* Info.plist */ = {isa = PBXFileReference; lastKnownFileType = text.plist.xml; path = Info.plist; sourceTree = "<group>"; };
		DEF85E1E1FB51FD700EA2FB2 /* CheckUpTests.xctest */ = {isa = PBXFileReference; explicitFileType = wrapper.cfbundle; includeInIndex = 0; path = CheckUpTests.xctest; sourceTree = BUILT_PRODUCTS_DIR; };
		DEF85E221FB51FD700EA2FB2 /* CheckUpTests.m */ = {isa = PBXFileReference; lastKnownFileType = sourcecode.c.objc; path = CheckUpTests.m; sourceTree = "<group>"; };
		DEF85E241FB51FD700EA2FB2 /* Info.plist */ = {isa = PBXFileReference; lastKnownFileType = text.plist.xml; path = Info.plist; sourceTree = "<group>"; };
		DEF85E291FB51FD700EA2FB2 /* CheckUpUITests.xctest */ = {isa = PBXFileReference; explicitFileType = wrapper.cfbundle; includeInIndex = 0; path = CheckUpUITests.xctest; sourceTree = BUILT_PRODUCTS_DIR; };
		DEF85E2D1FB51FD700EA2FB2 /* CheckUpUITests.m */ = {isa = PBXFileReference; lastKnownFileType = sourcecode.c.objc; path = CheckUpUITests.m; sourceTree = "<group>"; };
		DEF85E2F1FB51FD700EA2FB2 /* Info.plist */ = {isa = PBXFileReference; lastKnownFileType = text.plist.xml; path = Info.plist; sourceTree = "<group>"; };
		DEF85E401FB521E600EA2FB2 /* QuizzesHomeViewController.h */ = {isa = PBXFileReference; fileEncoding = 4; lastKnownFileType = sourcecode.c.h; path = QuizzesHomeViewController.h; sourceTree = "<group>"; };
		DEF85E411FB521E600EA2FB2 /* QuizzesHomeViewController.m */ = {isa = PBXFileReference; fileEncoding = 4; lastKnownFileType = sourcecode.c.objc; path = QuizzesHomeViewController.m; sourceTree = "<group>"; };
		DEF85E451FB521FC00EA2FB2 /* ProfileHomeViewController.h */ = {isa = PBXFileReference; fileEncoding = 4; lastKnownFileType = sourcecode.c.h; path = ProfileHomeViewController.h; sourceTree = "<group>"; };
		DEF85E461FB521FC00EA2FB2 /* ProfileHomeViewController.m */ = {isa = PBXFileReference; fileEncoding = 4; lastKnownFileType = sourcecode.c.objc; path = ProfileHomeViewController.m; sourceTree = "<group>"; };
		DEF85E4F1FB5331500EA2FB2 /* HeaderView.xib */ = {isa = PBXFileReference; fileEncoding = 4; lastKnownFileType = file.xib; path = HeaderView.xib; sourceTree = "<group>"; };
		DEF85E511FB534D000EA2FB2 /* HeaderView.h */ = {isa = PBXFileReference; fileEncoding = 4; lastKnownFileType = sourcecode.c.h; path = HeaderView.h; sourceTree = "<group>"; };
		DEF85E521FB534D000EA2FB2 /* HeaderView.m */ = {isa = PBXFileReference; fileEncoding = 4; lastKnownFileType = sourcecode.c.objc; path = HeaderView.m; sourceTree = "<group>"; };
/* End PBXFileReference section */

/* Begin PBXFrameworksBuildPhase section */
		DEF85DFF1FB51FD600EA2FB2 /* Frameworks */ = {
			isa = PBXFrameworksBuildPhase;
			buildActionMask = 2147483647;
			files = (
			);
			runOnlyForDeploymentPostprocessing = 0;
		};
		DEF85E1B1FB51FD700EA2FB2 /* Frameworks */ = {
			isa = PBXFrameworksBuildPhase;
			buildActionMask = 2147483647;
			files = (
			);
			runOnlyForDeploymentPostprocessing = 0;
		};
		DEF85E261FB51FD700EA2FB2 /* Frameworks */ = {
			isa = PBXFrameworksBuildPhase;
			buildActionMask = 2147483647;
			files = (
			);
			runOnlyForDeploymentPostprocessing = 0;
		};
/* End PBXFrameworksBuildPhase section */

/* Begin PBXGroup section */
		DE356E9C1FBFA42D00932C5E /* Images */ = {
			isa = PBXGroup;
			children = (
				DE356E9D1FBFA43C00932C5E /* CheckUpHeader.jpeg */,
				DE356E9F1FC1F84E00932C5E /* CheckUpProfileIcon.png */,
				DE356EA11FC1F92D00932C5E /* CheckUpProfilePhoto.png */,
				DE356EAB1FC2733200932C5E /* CheckUpBerry.png */,
				DE356EB21FC282B500932C5E /* Jar1.png */,
				DE356EB31FC282B500932C5E /* Jar2.png */,
				DE356EB41FC282B500932C5E /* Jar3.png */,
				DE356EB51FC282B500932C5E /* Jar4.png */,
				DE356ED11FC3F49900932C5E /* SmallButton.png */,
				DE356ED31FC47AA900932C5E /* SampleLesson.png */,
				DE356EDF1FC49EE100932C5E /* QuizJarD.png */,
				DE356EE01FC49EE100932C5E /* QuizJarC.png */,
				DE356EE11FC49EE100932C5E /* QuizJarB.png */,
				DE356EE21FC49EE100932C5E /* QuizJarA.png */,
				DE356EE71FC4A07D00932C5E /* IncompleteBerry.png */,
				DE356EE81FC4A07D00932C5E /* CompleteBerry.png */,
				DE356EEB1FC4A11200932C5E /* LongIncompleteBerry.png */,
				DE356EEC1FC4A11200932C5E /* LongCompleteBerry.png */,
				DE356EEF1FC4A2D300932C5E /* LessonMessageBG.png */,
				DE356EF01FC4A2D300932C5E /* ProfileMessageBG.png */,
				DE356EF11FC4A2D300932C5E /* QuizMessageBG.png */,
				DE356EF51FC4A2DC00932C5E /* ProfileIcon.png */,
				DE356EF61FC4A2DC00932C5E /* NotificationsIcon.png */,
				DE356EF71FC4A2DC00932C5E /* LearnIcon.png */,
				DE356EF81FC4A2DC00932C5E /* QuizIcon.png */,
				DE356EFD1FC4AFD100932C5E /* ProgressPlaceholder.png */,
			);
			name = Images;
			sourceTree = "<group>";
		};
		DEF85DF91FB51FD600EA2FB2 = {
			isa = PBXGroup;
			children = (
				DEF85E041FB51FD700EA2FB2 /* CheckUp */,
				DEF85E211FB51FD700EA2FB2 /* CheckUpTests */,
				DEF85E2C1FB51FD700EA2FB2 /* CheckUpUITests */,
				DEF85E031FB51FD700EA2FB2 /* Products */,
			);
			sourceTree = "<group>";
		};
		DEF85E031FB51FD700EA2FB2 /* Products */ = {
			isa = PBXGroup;
			children = (
				DEF85E021FB51FD700EA2FB2 /* CheckUp.app */,
				DEF85E1E1FB51FD700EA2FB2 /* CheckUpTests.xctest */,
				DEF85E291FB51FD700EA2FB2 /* CheckUpUITests.xctest */,
			);
			name = Products;
			sourceTree = "<group>";
		};
		DEF85E041FB51FD700EA2FB2 /* CheckUp */ = {
			isa = PBXGroup;
			children = (
				DE356E9C1FBFA42D00932C5E /* Images */,
				DEF85E081FB51FD700EA2FB2 /* AppDelegate.h */,
				DEF85E091FB51FD700EA2FB2 /* AppDelegate.m */,
				DEF85E4B1FB5328B00EA2FB2 /* Views */,
				DEF85E4A1FB5327F00EA2FB2 /* ViewControllers */,
				DEF85E111FB51FD700EA2FB2 /* Main.storyboard */,
				DE356EC91FC3D42E00932C5E /* LessonStoryboard.storyboard */,
				DE356ECB1FC3DA6300932C5E /* LessonController.h */,
				DE356ECC1FC3DA6300932C5E /* LessonController.m */,
				DEF85E141FB51FD700EA2FB2 /* Assets.xcassets */,
				DEF85E161FB51FD700EA2FB2 /* LaunchScreen.storyboard */,
				DEF85E191FB51FD700EA2FB2 /* Info.plist */,
				DEF85E051FB51FD700EA2FB2 /* Supporting Files */,
			);
			path = CheckUp;
			sourceTree = "<group>";
		};
		DEF85E051FB51FD700EA2FB2 /* Supporting Files */ = {
			isa = PBXGroup;
			children = (
				DEF85E061FB51FD700EA2FB2 /* main.m */,
			);
			name = "Supporting Files";
			sourceTree = "<group>";
		};
		DEF85E211FB51FD700EA2FB2 /* CheckUpTests */ = {
			isa = PBXGroup;
			children = (
				DEF85E221FB51FD700EA2FB2 /* CheckUpTests.m */,
				DEF85E241FB51FD700EA2FB2 /* Info.plist */,
			);
			path = CheckUpTests;
			sourceTree = "<group>";
		};
		DEF85E2C1FB51FD700EA2FB2 /* CheckUpUITests */ = {
			isa = PBXGroup;
			children = (
				DEF85E2D1FB51FD700EA2FB2 /* CheckUpUITests.m */,
				DEF85E2F1FB51FD700EA2FB2 /* Info.plist */,
			);
			path = CheckUpUITests;
			sourceTree = "<group>";
		};
		DEF85E4A1FB5327F00EA2FB2 /* ViewControllers */ = {
			isa = PBXGroup;
			children = (
				DE356EAD1FC2824A00932C5E /* LessonPageViewController.h */,
				DE356EAE1FC2824A00932C5E /* LessonPageViewController.m */,
				DE356EAF1FC2824A00932C5E /* LessonPageViewController.xib */,
				DE356ECE1FC3E3F700932C5E /* LessonPgViewController.h */,
				DE356ECF1FC3E3F700932C5E /* LessonPgViewController.m */,
				DEF85E0B1FB51FD700EA2FB2 /* MessagesHomeViewController.h */,
				DEF85E0C1FB51FD700EA2FB2 /* MessagesHomeViewController.m */,
				DEF85E0E1FB51FD700EA2FB2 /* LessonsHomeViewController.h */,
				DEF85E0F1FB51FD700EA2FB2 /* LessonsHomeViewController.m */,
				DEF85E401FB521E600EA2FB2 /* QuizzesHomeViewController.h */,
				DEF85E411FB521E600EA2FB2 /* QuizzesHomeViewController.m */,
				DEF85E451FB521FC00EA2FB2 /* ProfileHomeViewController.h */,
				DEF85E461FB521FC00EA2FB2 /* ProfileHomeViewController.m */,
				DE356EA31FC2019D00932C5E /* RedeemFirstStepViewController.h */,
				DE356EA41FC2019D00932C5E /* RedeemFirstStepViewController.m */,
				DE356EBF1FC290B800932C5E /* SelectLessonViewController.h */,
				DE356EC01FC290B800932C5E /* SelectLessonViewController.m */,
				DE356EC11FC290B800932C5E /* SelectLessonViewController.xib */,
				DE356EC41FC361A300932C5E /* LessonViewController.h */,
				DE356EC51FC361A300932C5E /* LessonViewController.m */,
				DE356EC61FC361A300932C5E /* LessonViewController.xib */,
				DE356EDA1FC4924100932C5E /* QuizPageViewController.h */,
				DE356EDB1FC4924100932C5E /* QuizPageViewController.m */,
				DE356EDC1FC4924100932C5E /* QuizPageViewController.xib */,
				DE356EFF1FC4B05800932C5E /* ProgressViewController.h */,
				DE356F001FC4B05800932C5E /* ProgressViewController.m */,
			);
			name = ViewControllers;
			sourceTree = "<group>";
		};
		DEF85E4B1FB5328B00EA2FB2 /* Views */ = {
			isa = PBXGroup;
			children = (
				DEF85E4F1FB5331500EA2FB2 /* HeaderView.xib */,
				DEF85E511FB534D000EA2FB2 /* HeaderView.h */,
				DEF85E521FB534D000EA2FB2 /* HeaderView.m */,
				DE356EA91FC2708D00932C5E /* LessonCategoryView.xib */,
				DE356EA61FC2707700932C5E /* LessonCategoryView.h */,
				DE356EA71FC2707700932C5E /* LessonCategoryView.m */,
				DE356EBA1FC282EF00932C5E /* LabeledJarView.h */,
				DE356EBB1FC282EF00932C5E /* LabeledJarView.m */,
				DE356EBD1FC2830000932C5E /* LabeledJarView.xib */,
			);
			name = Views;
			sourceTree = "<group>";
		};
/* End PBXGroup section */

/* Begin PBXNativeTarget section */
		DEF85E011FB51FD600EA2FB2 /* CheckUp */ = {
			isa = PBXNativeTarget;
			buildConfigurationList = DEF85E321FB51FD700EA2FB2 /* Build configuration list for PBXNativeTarget "CheckUp" */;
			buildPhases = (
				DEF85DFE1FB51FD600EA2FB2 /* Sources */,
				DEF85DFF1FB51FD600EA2FB2 /* Frameworks */,
				DEF85E001FB51FD600EA2FB2 /* Resources */,
			);
			buildRules = (
			);
			dependencies = (
			);
			name = CheckUp;
			productName = CheckUp;
			productReference = DEF85E021FB51FD700EA2FB2 /* CheckUp.app */;
			productType = "com.apple.product-type.application";
		};
		DEF85E1D1FB51FD700EA2FB2 /* CheckUpTests */ = {
			isa = PBXNativeTarget;
			buildConfigurationList = DEF85E351FB51FD700EA2FB2 /* Build configuration list for PBXNativeTarget "CheckUpTests" */;
			buildPhases = (
				DEF85E1A1FB51FD700EA2FB2 /* Sources */,
				DEF85E1B1FB51FD700EA2FB2 /* Frameworks */,
				DEF85E1C1FB51FD700EA2FB2 /* Resources */,
			);
			buildRules = (
			);
			dependencies = (
				DEF85E201FB51FD700EA2FB2 /* PBXTargetDependency */,
			);
			name = CheckUpTests;
			productName = CheckUpTests;
			productReference = DEF85E1E1FB51FD700EA2FB2 /* CheckUpTests.xctest */;
			productType = "com.apple.product-type.bundle.unit-test";
		};
		DEF85E281FB51FD700EA2FB2 /* CheckUpUITests */ = {
			isa = PBXNativeTarget;
			buildConfigurationList = DEF85E381FB51FD700EA2FB2 /* Build configuration list for PBXNativeTarget "CheckUpUITests" */;
			buildPhases = (
				DEF85E251FB51FD700EA2FB2 /* Sources */,
				DEF85E261FB51FD700EA2FB2 /* Frameworks */,
				DEF85E271FB51FD700EA2FB2 /* Resources */,
			);
			buildRules = (
			);
			dependencies = (
				DEF85E2B1FB51FD700EA2FB2 /* PBXTargetDependency */,
			);
			name = CheckUpUITests;
			productName = CheckUpUITests;
			productReference = DEF85E291FB51FD700EA2FB2 /* CheckUpUITests.xctest */;
			productType = "com.apple.product-type.bundle.ui-testing";
		};
/* End PBXNativeTarget section */

/* Begin PBXProject section */
		DEF85DFA1FB51FD600EA2FB2 /* Project object */ = {
			isa = PBXProject;
			attributes = {
				LastUpgradeCheck = 0730;
				ORGANIZATIONNAME = "Annie Graham";
				TargetAttributes = {
					DEF85E011FB51FD600EA2FB2 = {
						CreatedOnToolsVersion = 7.3.1;
					};
					DEF85E1D1FB51FD700EA2FB2 = {
						CreatedOnToolsVersion = 7.3.1;
						TestTargetID = DEF85E011FB51FD600EA2FB2;
					};
					DEF85E281FB51FD700EA2FB2 = {
						CreatedOnToolsVersion = 7.3.1;
						TestTargetID = DEF85E011FB51FD600EA2FB2;
					};
				};
			};
			buildConfigurationList = DEF85DFD1FB51FD600EA2FB2 /* Build configuration list for PBXProject "CheckUp" */;
			compatibilityVersion = "Xcode 3.2";
			developmentRegion = English;
			hasScannedForEncodings = 0;
			knownRegions = (
				en,
				Base,
			);
			mainGroup = DEF85DF91FB51FD600EA2FB2;
			productRefGroup = DEF85E031FB51FD700EA2FB2 /* Products */;
			projectDirPath = "";
			projectRoot = "";
			targets = (
				DEF85E011FB51FD600EA2FB2 /* CheckUp */,
				DEF85E1D1FB51FD700EA2FB2 /* CheckUpTests */,
				DEF85E281FB51FD700EA2FB2 /* CheckUpUITests */,
			);
		};
/* End PBXProject section */

/* Begin PBXResourcesBuildPhase section */
		DEF85E001FB51FD600EA2FB2 /* Resources */ = {
			isa = PBXResourcesBuildPhase;
			buildActionMask = 2147483647;
			files = (
				DE356EB91FC282B500932C5E /* Jar4.png in Resources */,
				DE356EA01FC1F84E00932C5E /* CheckUpProfileIcon.png in Resources */,
				DE356EC31FC290B800932C5E /* SelectLessonViewController.xib in Resources */,
				DE356EE31FC49EE100932C5E /* QuizJarD.png in Resources */,
				DE356EF91FC4A2DC00932C5E /* ProfileIcon.png in Resources */,
				DE356EE91FC4A07D00932C5E /* IncompleteBerry.png in Resources */,
				DE356EB81FC282B500932C5E /* Jar3.png in Resources */,
				DE356EF21FC4A2D300932C5E /* LessonMessageBG.png in Resources */,
				DE356EFE1FC4AFD100932C5E /* ProgressPlaceholder.png in Resources */,
				DE356EAC1FC2733200932C5E /* CheckUpBerry.png in Resources */,
				DEF85E181FB51FD700EA2FB2 /* LaunchScreen.storyboard in Resources */,
				DE356EA21FC1F92D00932C5E /* CheckUpProfilePhoto.png in Resources */,
				DE356EE61FC49EE100932C5E /* QuizJarA.png in Resources */,
				DEF85E151FB51FD700EA2FB2 /* Assets.xcassets in Resources */,
				DE356EE41FC49EE100932C5E /* QuizJarC.png in Resources */,
				DE356EB11FC2824A00932C5E /* LessonPageViewController.xib in Resources */,
				DE356EEA1FC4A07D00932C5E /* CompleteBerry.png in Resources */,
				DE356ECA1FC3D42E00932C5E /* LessonStoryboard.storyboard in Resources */,
				DE356EFC1FC4A2DC00932C5E /* QuizIcon.png in Resources */,
				DE356EB71FC282B500932C5E /* Jar2.png in Resources */,
				DE356EBE1FC2830000932C5E /* LabeledJarView.xib in Resources */,
				DE356EFB1FC4A2DC00932C5E /* LearnIcon.png in Resources */,
				DE356ED21FC3F49900932C5E /* SmallButton.png in Resources */,
				DE356EAA1FC2708D00932C5E /* LessonCategoryView.xib in Resources */,
				DEF85E131FB51FD700EA2FB2 /* Main.storyboard in Resources */,
				DE356EC81FC361A300932C5E /* LessonViewController.xib in Resources */,
				DEF85E501FB5331500EA2FB2 /* HeaderView.xib in Resources */,
				DE356EEE1FC4A11200932C5E /* LongCompleteBerry.png in Resources */,
				DE356EED1FC4A11200932C5E /* LongIncompleteBerry.png in Resources */,
				DE356EF31FC4A2D300932C5E /* ProfileMessageBG.png in Resources */,
				DE356EFA1FC4A2DC00932C5E /* NotificationsIcon.png in Resources */,
				DE356ED41FC47AA900932C5E /* SampleLesson.png in Resources */,
				DE356EF41FC4A2D300932C5E /* QuizMessageBG.png in Resources */,
				DE356E9E1FBFA43C00932C5E /* CheckUpHeader.jpeg in Resources */,
				DE356EB61FC282B500932C5E /* Jar1.png in Resources */,
				DE356EDE1FC4924100932C5E /* QuizPageViewController.xib in Resources */,
				DE356EE51FC49EE100932C5E /* QuizJarB.png in Resources */,
			);
			runOnlyForDeploymentPostprocessing = 0;
		};
		DEF85E1C1FB51FD700EA2FB2 /* Resources */ = {
			isa = PBXResourcesBuildPhase;
			buildActionMask = 2147483647;
			files = (
			);
			runOnlyForDeploymentPostprocessing = 0;
		};
		DEF85E271FB51FD700EA2FB2 /* Resources */ = {
			isa = PBXResourcesBuildPhase;
			buildActionMask = 2147483647;
			files = (
			);
			runOnlyForDeploymentPostprocessing = 0;
		};
/* End PBXResourcesBuildPhase section */

/* Begin PBXSourcesBuildPhase section */
		DEF85DFE1FB51FD600EA2FB2 /* Sources */ = {
			isa = PBXSourcesBuildPhase;
			buildActionMask = 2147483647;
			files = (
				DEF85E531FB534D000EA2FB2 /* HeaderView.m in Sources */,
				DE356EB01FC2824A00932C5E /* LessonPageViewController.m in Sources */,
				DE356EC21FC290B800932C5E /* SelectLessonViewController.m in Sources */,
				DE356EBC1FC282EF00932C5E /* LabeledJarView.m in Sources */,
				DEF85E101FB51FD700EA2FB2 /* LessonsHomeViewController.m in Sources */,
				DE356EC71FC361A300932C5E /* LessonViewController.m in Sources */,
				DEF85E481FB521FC00EA2FB2 /* ProfileHomeViewController.m in Sources */,
				DEF85E0A1FB51FD700EA2FB2 /* AppDelegate.m in Sources */,
				DE356EDD1FC4924100932C5E /* QuizPageViewController.m in Sources */,
				DEF85E0D1FB51FD700EA2FB2 /* MessagesHomeViewController.m in Sources */,
				DE356EA81FC2707700932C5E /* LessonCategoryView.m in Sources */,
				DEF85E071FB51FD700EA2FB2 /* main.m in Sources */,
				DE356ECD1FC3DA6300932C5E /* LessonController.m in Sources */,
				DE356F011FC4B05800932C5E /* ProgressViewController.m in Sources */,
				DEF85E431FB521E700EA2FB2 /* QuizzesHomeViewController.m in Sources */,
				DE356EA51FC2019D00932C5E /* RedeemFirstStepViewController.m in Sources */,
				DE356ED01FC3E3F700932C5E /* LessonPgViewController.m in Sources */,
			);
			runOnlyForDeploymentPostprocessing = 0;
		};
		DEF85E1A1FB51FD700EA2FB2 /* Sources */ = {
			isa = PBXSourcesBuildPhase;
			buildActionMask = 2147483647;
			files = (
				DEF85E231FB51FD700EA2FB2 /* CheckUpTests.m in Sources */,
			);
			runOnlyForDeploymentPostprocessing = 0;
		};
		DEF85E251FB51FD700EA2FB2 /* Sources */ = {
			isa = PBXSourcesBuildPhase;
			buildActionMask = 2147483647;
			files = (
				DEF85E2E1FB51FD700EA2FB2 /* CheckUpUITests.m in Sources */,
			);
			runOnlyForDeploymentPostprocessing = 0;
		};
/* End PBXSourcesBuildPhase section */

/* Begin PBXTargetDependency section */
		DEF85E201FB51FD700EA2FB2 /* PBXTargetDependency */ = {
			isa = PBXTargetDependency;
			target = DEF85E011FB51FD600EA2FB2 /* CheckUp */;
			targetProxy = DEF85E1F1FB51FD700EA2FB2 /* PBXContainerItemProxy */;
		};
		DEF85E2B1FB51FD700EA2FB2 /* PBXTargetDependency */ = {
			isa = PBXTargetDependency;
			target = DEF85E011FB51FD600EA2FB2 /* CheckUp */;
			targetProxy = DEF85E2A1FB51FD700EA2FB2 /* PBXContainerItemProxy */;
		};
/* End PBXTargetDependency section */

/* Begin PBXVariantGroup section */
		DEF85E111FB51FD700EA2FB2 /* Main.storyboard */ = {
			isa = PBXVariantGroup;
			children = (
				DEF85E121FB51FD700EA2FB2 /* Base */,
			);
			name = Main.storyboard;
			sourceTree = "<group>";
		};
		DEF85E161FB51FD700EA2FB2 /* LaunchScreen.storyboard */ = {
			isa = PBXVariantGroup;
			children = (
				DEF85E171FB51FD700EA2FB2 /* Base */,
			);
			name = LaunchScreen.storyboard;
			sourceTree = "<group>";
		};
/* End PBXVariantGroup section */

/* Begin XCBuildConfiguration section */
		DEF85E301FB51FD700EA2FB2 /* Debug */ = {
			isa = XCBuildConfiguration;
			buildSettings = {
				ALWAYS_SEARCH_USER_PATHS = NO;
				CLANG_ANALYZER_NONNULL = YES;
				CLANG_CXX_LANGUAGE_STANDARD = "gnu++0x";
				CLANG_CXX_LIBRARY = "libc++";
				CLANG_ENABLE_MODULES = YES;
				CLANG_ENABLE_OBJC_ARC = YES;
				CLANG_WARN_BOOL_CONVERSION = YES;
				CLANG_WARN_CONSTANT_CONVERSION = YES;
				CLANG_WARN_DIRECT_OBJC_ISA_USAGE = YES_ERROR;
				CLANG_WARN_EMPTY_BODY = YES;
				CLANG_WARN_ENUM_CONVERSION = YES;
				CLANG_WARN_INT_CONVERSION = YES;
				CLANG_WARN_OBJC_ROOT_CLASS = YES_ERROR;
				CLANG_WARN_UNREACHABLE_CODE = YES;
				CLANG_WARN__DUPLICATE_METHOD_MATCH = YES;
				"CODE_SIGN_IDENTITY[sdk=iphoneos*]" = "iPhone Developer";
				COPY_PHASE_STRIP = NO;
				DEBUG_INFORMATION_FORMAT = dwarf;
				ENABLE_STRICT_OBJC_MSGSEND = YES;
				ENABLE_TESTABILITY = YES;
				GCC_C_LANGUAGE_STANDARD = gnu99;
				GCC_DYNAMIC_NO_PIC = NO;
				GCC_NO_COMMON_BLOCKS = YES;
				GCC_OPTIMIZATION_LEVEL = 0;
				GCC_PREPROCESSOR_DEFINITIONS = (
					"DEBUG=1",
					"$(inherited)",
				);
				GCC_WARN_64_TO_32_BIT_CONVERSION = YES;
				GCC_WARN_ABOUT_RETURN_TYPE = YES_ERROR;
				GCC_WARN_UNDECLARED_SELECTOR = YES;
				GCC_WARN_UNINITIALIZED_AUTOS = YES_AGGRESSIVE;
				GCC_WARN_UNUSED_FUNCTION = YES;
				GCC_WARN_UNUSED_VARIABLE = YES;
				IPHONEOS_DEPLOYMENT_TARGET = 9.3;
				MTL_ENABLE_DEBUG_INFO = YES;
				ONLY_ACTIVE_ARCH = YES;
				SDKROOT = iphoneos;
			};
			name = Debug;
		};
		DEF85E311FB51FD700EA2FB2 /* Release */ = {
			isa = XCBuildConfiguration;
			buildSettings = {
				ALWAYS_SEARCH_USER_PATHS = NO;
				CLANG_ANALYZER_NONNULL = YES;
				CLANG_CXX_LANGUAGE_STANDARD = "gnu++0x";
				CLANG_CXX_LIBRARY = "libc++";
				CLANG_ENABLE_MODULES = YES;
				CLANG_ENABLE_OBJC_ARC = YES;
				CLANG_WARN_BOOL_CONVERSION = YES;
				CLANG_WARN_CONSTANT_CONVERSION = YES;
				CLANG_WARN_DIRECT_OBJC_ISA_USAGE = YES_ERROR;
				CLANG_WARN_EMPTY_BODY = YES;
				CLANG_WARN_ENUM_CONVERSION = YES;
				CLANG_WARN_INT_CONVERSION = YES;
				CLANG_WARN_OBJC_ROOT_CLASS = YES_ERROR;
				CLANG_WARN_UNREACHABLE_CODE = YES;
				CLANG_WARN__DUPLICATE_METHOD_MATCH = YES;
				"CODE_SIGN_IDENTITY[sdk=iphoneos*]" = "iPhone Developer";
				COPY_PHASE_STRIP = NO;
				DEBUG_INFORMATION_FORMAT = "dwarf-with-dsym";
				ENABLE_NS_ASSERTIONS = NO;
				ENABLE_STRICT_OBJC_MSGSEND = YES;
				GCC_C_LANGUAGE_STANDARD = gnu99;
				GCC_NO_COMMON_BLOCKS = YES;
				GCC_WARN_64_TO_32_BIT_CONVERSION = YES;
				GCC_WARN_ABOUT_RETURN_TYPE = YES_ERROR;
				GCC_WARN_UNDECLARED_SELECTOR = YES;
				GCC_WARN_UNINITIALIZED_AUTOS = YES_AGGRESSIVE;
				GCC_WARN_UNUSED_FUNCTION = YES;
				GCC_WARN_UNUSED_VARIABLE = YES;
				IPHONEOS_DEPLOYMENT_TARGET = 9.3;
				MTL_ENABLE_DEBUG_INFO = NO;
				SDKROOT = iphoneos;
				VALIDATE_PRODUCT = YES;
			};
			name = Release;
		};
		DEF85E331FB51FD700EA2FB2 /* Debug */ = {
			isa = XCBuildConfiguration;
			buildSettings = {
				ASSETCATALOG_COMPILER_APPICON_NAME = AppIcon;
				INFOPLIST_FILE = CheckUp/Info.plist;
				LD_RUNPATH_SEARCH_PATHS = "$(inherited) @executable_path/Frameworks";
				PRODUCT_BUNDLE_IDENTIFIER = Annie.CheckUp;
				PRODUCT_NAME = "$(TARGET_NAME)";
			};
			name = Debug;
		};
		DEF85E341FB51FD700EA2FB2 /* Release */ = {
			isa = XCBuildConfiguration;
			buildSettings = {
				ASSETCATALOG_COMPILER_APPICON_NAME = AppIcon;
				INFOPLIST_FILE = CheckUp/Info.plist;
				LD_RUNPATH_SEARCH_PATHS = "$(inherited) @executable_path/Frameworks";
				PRODUCT_BUNDLE_IDENTIFIER = Annie.CheckUp;
				PRODUCT_NAME = "$(TARGET_NAME)";
			};
			name = Release;
		};
		DEF85E361FB51FD700EA2FB2 /* Debug */ = {
			isa = XCBuildConfiguration;
			buildSettings = {
				BUNDLE_LOADER = "$(TEST_HOST)";
				INFOPLIST_FILE = CheckUpTests/Info.plist;
				LD_RUNPATH_SEARCH_PATHS = "$(inherited) @executable_path/Frameworks @loader_path/Frameworks";
				PRODUCT_BUNDLE_IDENTIFIER = Annie.CheckUpTests;
				PRODUCT_NAME = "$(TARGET_NAME)";
				TEST_HOST = "$(BUILT_PRODUCTS_DIR)/CheckUp.app/CheckUp";
			};
			name = Debug;
		};
		DEF85E371FB51FD700EA2FB2 /* Release */ = {
			isa = XCBuildConfiguration;
			buildSettings = {
				BUNDLE_LOADER = "$(TEST_HOST)";
				INFOPLIST_FILE = CheckUpTests/Info.plist;
				LD_RUNPATH_SEARCH_PATHS = "$(inherited) @executable_path/Frameworks @loader_path/Frameworks";
				PRODUCT_BUNDLE_IDENTIFIER = Annie.CheckUpTests;
				PRODUCT_NAME = "$(TARGET_NAME)";
				TEST_HOST = "$(BUILT_PRODUCTS_DIR)/CheckUp.app/CheckUp";
			};
			name = Release;
		};
		DEF85E391FB51FD700EA2FB2 /* Debug */ = {
			isa = XCBuildConfiguration;
			buildSettings = {
				INFOPLIST_FILE = CheckUpUITests/Info.plist;
				LD_RUNPATH_SEARCH_PATHS = "$(inherited) @executable_path/Frameworks @loader_path/Frameworks";
				PRODUCT_BUNDLE_IDENTIFIER = Annie.CheckUpUITests;
				PRODUCT_NAME = "$(TARGET_NAME)";
				TEST_TARGET_NAME = CheckUp;
			};
			name = Debug;
		};
		DEF85E3A1FB51FD700EA2FB2 /* Release */ = {
			isa = XCBuildConfiguration;
			buildSettings = {
				INFOPLIST_FILE = CheckUpUITests/Info.plist;
				LD_RUNPATH_SEARCH_PATHS = "$(inherited) @executable_path/Frameworks @loader_path/Frameworks";
				PRODUCT_BUNDLE_IDENTIFIER = Annie.CheckUpUITests;
				PRODUCT_NAME = "$(TARGET_NAME)";
				TEST_TARGET_NAME = CheckUp;
			};
			name = Release;
		};
/* End XCBuildConfiguration section */

/* Begin XCConfigurationList section */
		DEF85DFD1FB51FD600EA2FB2 /* Build configuration list for PBXProject "CheckUp" */ = {
			isa = XCConfigurationList;
			buildConfigurations = (
				DEF85E301FB51FD700EA2FB2 /* Debug */,
				DEF85E311FB51FD700EA2FB2 /* Release */,
			);
			defaultConfigurationIsVisible = 0;
			defaultConfigurationName = Release;
		};
		DEF85E321FB51FD700EA2FB2 /* Build configuration list for PBXNativeTarget "CheckUp" */ = {
			isa = XCConfigurationList;
			buildConfigurations = (
				DEF85E331FB51FD700EA2FB2 /* Debug */,
				DEF85E341FB51FD700EA2FB2 /* Release */,
			);
			defaultConfigurationIsVisible = 0;
			defaultConfigurationName = Release;
		};
		DEF85E351FB51FD700EA2FB2 /* Build configuration list for PBXNativeTarget "CheckUpTests" */ = {
			isa = XCConfigurationList;
			buildConfigurations = (
				DEF85E361FB51FD700EA2FB2 /* Debug */,
				DEF85E371FB51FD700EA2FB2 /* Release */,
			);
			defaultConfigurationIsVisible = 0;
			defaultConfigurationName = Release;
		};
		DEF85E381FB51FD700EA2FB2 /* Build configuration list for PBXNativeTarget "CheckUpUITests" */ = {
			isa = XCConfigurationList;
			buildConfigurations = (
				DEF85E391FB51FD700EA2FB2 /* Debug */,
				DEF85E3A1FB51FD700EA2FB2 /* Release */,
			);
			defaultConfigurationIsVisible = 0;
			defaultConfigurationName = Release;
		};
/* End XCConfigurationList section */
	};
	rootObject = DEF85DFA1FB51FD600EA2FB2 /* Project object */;
}
